
Microsoft Visual Studio Solution File, Format Version 12.00
# Visual Studio 15
VisualStudioVersion = 15.0.28010.2048
MinimumVisualStudioVersion = 10.0.40219.1
Project("{FAE04EC0-301F-11D3-BF4B-00C04F79EFBC}") = "Task", "Task\Task.csproj", "{592BACBC-6CA4-4B59-AD75-7E2A6459F0F1}"
EndProject
Project("{FAE04EC0-301F-11D3-BF4B-00C04F79EFBC}") = "DataAccess", "DataAccess\DataAccess.csproj", "{2A2F9089-9822-4E1C-9801-A3F5F337509E}"
EndProject
Global
	GlobalSection(SolutionConfigurationPlatforms) = preSolution
		Debug|Any CPU = Debug|Any CPU
		Release|Any CPU = Release|Any CPU
	EndGlobalSection
	GlobalSection(ProjectConfigurationPlatforms) = postSolution
		{592BACBC-6CA4-4B59-AD75-7E2A6459F0F1}.Debug|Any CPU.ActiveCfg = Debug|Any CPU
		{592BACBC-6CA4-4B59-AD75-7E2A6459F0F1}.Debug|Any CPU.Build.0 = Debug|Any CPU
		{592BACBC-6CA4-4B59-AD75-7E2A6459F0F1}.Release|Any CPU.ActiveCfg = Release|Any CPU
		{592BACBC-6CA4-4B59-AD75-7E2A6459F0F1}.Release|Any CPU.Build.0 = Release|Any CPU
		{2A2F9089-9822-4E1C-9801-A3F5F337509E}.Debug|Any CPU.ActiveCfg = Debug|Any CPU
		{2A2F9089-9822-4E1C-9801-A3F5F337509E}.Debug|Any CPU.Build.0 = Debug|Any CPU
		{2A2F9089-9822-4E1C-9801-A3F5F337509E}.Release|Any CPU.ActiveCfg = Release|Any CPU
		{2A2F9089-9822-4E1C-9801-A3F5F337509E}.Release|Any CPU.Build.0 = Release|Any CPU
	EndGlobalSection
	GlobalSection(SolutionProperties) = preSolution
		HideSolutionNode = FALSE
	EndGlobalSection
	GlobalSection(ExtensibilityGlobals) = postSolution
		SolutionGuid = {6C81167A-5F37-492B-B596-AA4C8DFA3A7E}
	EndGlobalSection
EndGlobal
